
Microsoft Visual Studio Solution File, Format Version 12.00
# Visual Studio Version 17
VisualStudioVersion = 17.2.32616.157
MinimumVisualStudioVersion = 10.0.40219.1
Project("{FAE04EC0-301F-11D3-BF4B-00C04F79EFBC}") = "CoreWebAPI6", "CoreWebAPI6\CoreWebAPI6.csproj", "{FEE945FF-1D72-455D-BEB5-D7806FEF19FE}"
EndProject
Global
	GlobalSection(SolutionConfigurationPlatforms) = preSolution
		Debug|Any CPU = Debug|Any CPU
		Release|Any CPU = Release|Any CPU
	EndGlobalSection
	GlobalSection(ProjectConfigurationPlatforms) = postSolution
		{FEE945FF-1D72-455D-BEB5-D7806FEF19FE}.Debug|Any CPU.ActiveCfg = Debug|Any CPU
		{FEE945FF-1D72-455D-BEB5-D7806FEF19FE}.Debug|Any CPU.Build.0 = Debug|Any CPU
		{FEE945FF-1D72-455D-BEB5-D7806FEF19FE}.Release|Any CPU.ActiveCfg = Release|Any CPU
		{FEE945FF-1D72-455D-BEB5-D7806FEF19FE}.Release|Any CPU.Build.0 = Release|Any CPU
	EndGlobalSection
	GlobalSection(SolutionProperties) = preSolution
		HideSolutionNode = FALSE
	EndGlobalSection
	GlobalSection(ExtensibilityGlobals) = postSolution
		SolutionGuid = {95DDC125-2C92-420B-B98E-FD47286A8EE0}
	EndGlobalSection
EndGlobal
